<?xml version="1.0" encoding="utf-8"?>
<Project ToolsVersion="4.0" xmlns="http://schemas.microsoft.com/developer/msbuild/2003">
  <ItemGroup>
    <Filter Include="Source Files">
      <UniqueIdentifier>{4FC737F1-C7A5-4376-A066-2A32D752A2FF}</UniqueIdentifier>
      <Extensions>cpp;c;cc;cxx;def;odl;idl;hpj;bat;asm;asmx</Extensions>
    </Filter>
    <Filter Include="Classes">
      <UniqueIdentifier>{5e8f8638-72e3-4975-8865-958859696c5a}</UniqueIdentifier>
    </Filter>
    <Filter Include="Shared">
      <UniqueIdentifier>{b29e8fc4-abe9-4dbe-8216-c6f29f6d52c1}</UniqueIdentifier>
    </Filter>
  </ItemGroup>
  <ItemGroup>
    <ClCompile Include="main.cpp">
      <Filter>Source Files</Filter>
    </ClCompile>
    <ClCompile Include="JobHandler.cpp">
      <Filter>Shared</Filter>
    </ClCompile>
    <ClCompile Include="..\..\Shared\HardHook.cpp">
      <Filter>Classes</Filter>
    </ClCompile>
    <ClCompile Include="SharedMemory.cpp">
      <Filter>Shared</Filter>
    </ClCompile>
    <ClCompile Include="FakeID3D11Device.cpp">
      <Filter>Classes</Filter>
    </ClCompile>
    <ClCompile Include="FakeID3D11DeviceContext.cpp">
      <Filter>Classes</Filter>
    </ClCompile>
    <ClCompile Include="FakeIDXGISwapChain.cpp">
      <Filter>Classes</Filter>
    </ClCompile>
    <ClCompile Include="FakeIDXGIFactory.cpp">
      <Filter>Source Files</Filter>
    </ClCompile>
  </ItemGroup>
  <ItemGroup>
    <None Include="moduleDef.def">
      <Filter>Source Files</Filter>
    </None>
  </ItemGroup>
  <ItemGroup>
    <ClInclude Include="stdafx.h" />
    <ClInclude Include="DeviceOverride.h">
      <Filter>Classes</Filter>
    </ClInclude>
    <ClInclude Include="D3DResolve.h">
      <Filter>Classes</Filter>
    </ClInclude>
    <ClInclude Include="SwapChainOverride.h">
      <Filter>Classes</Filter>
    </ClInclude>
    <ClInclude Include="DeviceContextOverride.h">
      <Filter>Classes</Filter>
    </ClInclude>
    <ClInclude Include="GlobalData.h">
      <Filter>Classes</Filter>
    </ClInclude>
    <ClInclude Include="JobHandler.h">
      <Filter>Shared</Filter>
    </ClInclude>
    <ClInclude Include="SharedMemory.h">
      <Filter>Shared</Filter>
    </ClInclude>
    <ClInclude Include="..\..\Shared\Mutex.h">
      <Filter>Shared</Filter>
    </ClInclude>
    <ClInclude Include="..\..\Shared\HardHook.h">
      <Filter>Classes</Filter>
    </ClInclude>
    <ClInclude Include="FakeID3D11Device.hpp">
      <Filter>Classes</Filter>
    </ClInclude>
    <ClInclude Include="FakeID3D11DeviceContext.h">
      <Filter>Classes</Filter>
    </ClInclude>
    <ClInclude Include="FakeIDXGISwapChain.h">
      <Filter>Classes</Filter>
    </ClInclude>
    <ClInclude Include="FakeIDXGIFactory.h">
      <Filter>Classes</Filter>
    </ClInclude>
  </ItemGroup>
</Project>